
Microsoft Visual Studio Solution File, Format Version 12.00
# Visual Studio 15
VisualStudioVersion = 15.0.28010.2016
MinimumVisualStudioVersion = 10.0.40219.1
Project("{8BC9CEB8-8B4A-11D0-8D11-00A0C91BC942}") = "RaceConditionFinder", "RaceConditionFinder\RaceConditionFinder.vcxproj", "{D45BDF5F-D3DA-453A-A2D1-813658D921FE}"
EndProject
Project("{8BC9CEB8-8B4A-11D0-8D11-00A0C91BC942}") = "Example", "Example\Example.vcxproj", "{5F043BCB-102C-49B7-8C13-01903F22AEA0}"
EndProject
Global
	GlobalSection(SolutionConfigurationPlatforms) = preSolution
		Debug|Win32 = Debug|Win32
		Debug|x64 = Debug|x64
		Release|Win32 = Release|Win32
		Release|x64 = Release|x64
	EndGlobalSection
	GlobalSection(ProjectConfigurationPlatforms) = postSolution
		{D45BDF5F-D3DA-453A-A2D1-813658D921FE}.Debug|Win32.ActiveCfg = Debug|Win32
		{D45BDF5F-D3DA-453A-A2D1-813658D921FE}.Debug|Win32.Build.0 = Debug|Win32
		{D45BDF5F-D3DA-453A-A2D1-813658D921FE}.Debug|x64.ActiveCfg = Debug|x64
		{D45BDF5F-D3DA-453A-A2D1-813658D921FE}.Debug|x64.Build.0 = Debug|x64
		{D45BDF5F-D3DA-453A-A2D1-813658D921FE}.Release|Win32.ActiveCfg = Release|Win32
		{D45BDF5F-D3DA-453A-A2D1-813658D921FE}.Release|Win32.Build.0 = Release|Win32
		{D45BDF5F-D3DA-453A-A2D1-813658D921FE}.Release|x64.ActiveCfg = Release|x64
		{D45BDF5F-D3DA-453A-A2D1-813658D921FE}.Release|x64.Build.0 = Release|x64
		{5F043BCB-102C-49B7-8C13-01903F22AEA0}.Debug|Win32.ActiveCfg = Debug|Win32
		{5F043BCB-102C-49B7-8C13-01903F22AEA0}.Debug|Win32.Build.0 = Debug|Win32
		{5F043BCB-102C-49B7-8C13-01903F22AEA0}.Debug|x64.ActiveCfg = Debug|x64
		{5F043BCB-102C-49B7-8C13-01903F22AEA0}.Debug|x64.Build.0 = Debug|x64
		{5F043BCB-102C-49B7-8C13-01903F22AEA0}.Release|Win32.ActiveCfg = Release|Win32
		{5F043BCB-102C-49B7-8C13-01903F22AEA0}.Release|Win32.Build.0 = Release|Win32
		{5F043BCB-102C-49B7-8C13-01903F22AEA0}.Release|x64.ActiveCfg = Release|x64
		{5F043BCB-102C-49B7-8C13-01903F22AEA0}.Release|x64.Build.0 = Release|x64
	EndGlobalSection
	GlobalSection(SolutionProperties) = preSolution
		HideSolutionNode = FALSE
	EndGlobalSection
	GlobalSection(ExtensibilityGlobals) = postSolution
		SolutionGuid = {397C8C0A-A339-4A20-8C96-A20771E55F89}
	EndGlobalSection
EndGlobal
